
Microsoft Visual Studio Solution File, Format Version 12.00
# Visual Studio Version 17
VisualStudioVersion = 17.8.34408.163
MinimumVisualStudioVersion = 10.0.40219.1
Project("{FAE04EC0-301F-11D3-BF4B-00C04F79EFBC}") = "chattklient2", "chattklient2\chattklient2.csproj", "{CB9ED9D6-512B-48FF-91C9-6F1A3609DC51}"
EndProject
Global
	GlobalSection(SolutionConfigurationPlatforms) = preSolution
		Debug|Any CPU = Debug|Any CPU
		Release|Any CPU = Release|Any CPU
	EndGlobalSection
	GlobalSection(ProjectConfigurationPlatforms) = postSolution
		{CB9ED9D6-512B-48FF-91C9-6F1A3609DC51}.Debug|Any CPU.ActiveCfg = Debug|Any CPU
		{CB9ED9D6-512B-48FF-91C9-6F1A3609DC51}.Debug|Any CPU.Build.0 = Debug|Any CPU
		{CB9ED9D6-512B-48FF-91C9-6F1A3609DC51}.Release|Any CPU.ActiveCfg = Release|Any CPU
		{CB9ED9D6-512B-48FF-91C9-6F1A3609DC51}.Release|Any CPU.Build.0 = Release|Any CPU
	EndGlobalSection
	GlobalSection(SolutionProperties) = preSolution
		HideSolutionNode = FALSE
	EndGlobalSection
	GlobalSection(ExtensibilityGlobals) = postSolution
		SolutionGuid = {85D0A0F8-C870-4892-ABC3-E18138E4F582}
	EndGlobalSection
EndGlobal
